// !$*UTF8*$!
{
	archiveVersion = 1;
	classes = {
	};
	objectVersion = 55;
	objects = {

/* Begin PBXBuildFile section */
		356DC23328045DEE00557827 /* AppDelegate.swift in Sources */ = {isa = PBXBuildFile; fileRef = 356DC23228045DEE00557827 /* AppDelegate.swift */; };
		356DC23528045DEE00557827 /* SceneDelegate.swift in Sources */ = {isa = PBXBuildFile; fileRef = 356DC23428045DEE00557827 /* SceneDelegate.swift */; };
		356DC23C28045DF000557827 /* Assets.xcassets in Resources */ = {isa = PBXBuildFile; fileRef = 356DC23B28045DF000557827 /* Assets.xcassets */; };
		356DC23F28045DF000557827 /* LaunchScreen.storyboard in Resources */ = {isa = PBXBuildFile; fileRef = 356DC23D28045DF000557827 /* LaunchScreen.storyboard */; };
		356DC2492804639400557827 /* MyListView.swift in Sources */ = {isa = PBXBuildFile; fileRef = 356DC2482804639400557827 /* MyListView.swift */; };
		356DC24B2804639E00557827 /* OpinionsViewController.swift in Sources */ = {isa = PBXBuildFile; fileRef = 356DC24A2804639E00557827 /* OpinionsViewController.swift */; };
		356DC25128047FEF00557827 /* MainCollectionViewController.swift in Sources */ = {isa = PBXBuildFile; fileRef = 356DC25028047FEF00557827 /* MainCollectionViewController.swift */; };
		356DC25428048BB500557827 /* Coordinator.swift in Sources */ = {isa = PBXBuildFile; fileRef = 356DC25328048BB500557827 /* Coordinator.swift */; };
		356DC25628048C0500557827 /* AppCoordinator.swift in Sources */ = {isa = PBXBuildFile; fileRef = 356DC25528048C0500557827 /* AppCoordinator.swift */; };
		356DC25828048C3B00557827 /* AppContainer.swift in Sources */ = {isa = PBXBuildFile; fileRef = 356DC25728048C3B00557827 /* AppContainer.swift */; };
		356DC25A28048CC600557827 /* MainHomeCoordinator.swift in Sources */ = {isa = PBXBuildFile; fileRef = 356DC25928048CC600557827 /* MainHomeCoordinator.swift */; };
		356DC25C28048E9D00557827 /* MainCollectionViewModel.swift in Sources */ = {isa = PBXBuildFile; fileRef = 356DC25B28048E9D00557827 /* MainCollectionViewModel.swift */; };
		356DC25E28052DB200557827 /* Extension.swift in Sources */ = {isa = PBXBuildFile; fileRef = 356DC25D28052DB200557827 /* Extension.swift */; };
		356DC26128052DFF00557827 /* MarketDataResponse.swift in Sources */ = {isa = PBXBuildFile; fileRef = 356DC26028052DFF00557827 /* MarketDataResponse.swift */; };
		356DC26328052E1B00557827 /* FinancialMetricsResponse.swift in Sources */ = {isa = PBXBuildFile; fileRef = 356DC26228052E1B00557827 /* FinancialMetricsResponse.swift */; };
		356DC26528052EA700557827 /* Quote.swift in Sources */ = {isa = PBXBuildFile; fileRef = 356DC26428052EA600557827 /* Quote.swift */; };
		356DC26728052EB800557827 /* SearchResponse.swift in Sources */ = {isa = PBXBuildFile; fileRef = 356DC26628052EB800557827 /* SearchResponse.swift */; };
		356DC26928052ED100557827 /* PostContent.swift in Sources */ = {isa = PBXBuildFile; fileRef = 356DC26828052ED100557827 /* PostContent.swift */; };
		356DC26B28052EE300557827 /* NewsStory.swift in Sources */ = {isa = PBXBuildFile; fileRef = 356DC26A28052EE300557827 /* NewsStory.swift */; };
		356DC26D28052EF900557827 /* MyWatchListModel.swift in Sources */ = {isa = PBXBuildFile; fileRef = 356DC26C28052EF900557827 /* MyWatchListModel.swift */; };
		356DC26F28052F3200557827 /* StockChartModel.swift in Sources */ = {isa = PBXBuildFile; fileRef = 356DC26E28052F3200557827 /* StockChartModel.swift */; };
		356DC272280535BB00557827 /* CombineCocoa in Frameworks */ = {isa = PBXBuildFile; productRef = 356DC271280535BB00557827 /* CombineCocoa */; };
		356DC2742805391800557827 /* MenuBarView.swift in Sources */ = {isa = PBXBuildFile; fileRef = 356DC2732805391800557827 /* MenuBarView.swift */; };
		356DC2772805399100557827 /* MyListCollectionViewCell.swift in Sources */ = {isa = PBXBuildFile; fileRef = 356DC2762805399100557827 /* MyListCollectionViewCell.swift */; };
		356DC2792805399900557827 /* OpinionsCollectionViewCell.swift in Sources */ = {isa = PBXBuildFile; fileRef = 356DC2782805399900557827 /* OpinionsCollectionViewCell.swift */; };
		35CC39952805C58A007148A5 /* PersistanceManager.swift in Sources */ = {isa = PBXBuildFile; fileRef = 35CC39942805C58A007148A5 /* PersistanceManager.swift */; };
		35CC39972805C5B2007148A5 /* APICaller.swift in Sources */ = {isa = PBXBuildFile; fileRef = 35CC39962805C5B2007148A5 /* APICaller.swift */; };
		35CC399B2805C9E6007148A5 /* Charts in Frameworks */ = {isa = PBXBuildFile; productRef = 35CC399A2805C9E6007148A5 /* Charts */; };
/* End PBXBuildFile section */

/* Begin PBXFileReference section */
		356DC22F28045DEE00557827 /* iFinance.app */ = {isa = PBXFileReference; explicitFileType = wrapper.application; includeInIndex = 0; path = iFinance.app; sourceTree = BUILT_PRODUCTS_DIR; };
		356DC23228045DEE00557827 /* AppDelegate.swift */ = {isa = PBXFileReference; lastKnownFileType = sourcecode.swift; path = AppDelegate.swift; sourceTree = "<group>"; };
		356DC23428045DEE00557827 /* SceneDelegate.swift */ = {isa = PBXFileReference; lastKnownFileType = sourcecode.swift; path = SceneDelegate.swift; sourceTree = "<group>"; };
		356DC23B28045DF000557827 /* Assets.xcassets */ = {isa = PBXFileReference; lastKnownFileType = folder.assetcatalog; path = Assets.xcassets; sourceTree = "<group>"; };
		356DC23E28045DF000557827 /* Base */ = {isa = PBXFileReference; lastKnownFileType = file.storyboard; name = Base; path = Base.lproj/LaunchScreen.storyboard; sourceTree = "<group>"; };
		356DC24028045DF000557827 /* Info.plist */ = {isa = PBXFileReference; lastKnownFileType = text.plist.xml; path = Info.plist; sourceTree = "<group>"; };
		356DC2482804639400557827 /* MyListView.swift */ = {isa = PBXFileReference; lastKnownFileType = sourcecode.swift; path = MyListView.swift; sourceTree = "<group>"; };
		356DC24A2804639E00557827 /* OpinionsViewController.swift */ = {isa = PBXFileReference; lastKnownFileType = sourcecode.swift; path = OpinionsViewController.swift; sourceTree = "<group>"; };
		356DC25028047FEF00557827 /* MainCollectionViewController.swift */ = {isa = PBXFileReference; lastKnownFileType = sourcecode.swift; path = MainCollectionViewController.swift; sourceTree = "<group>"; };
		356DC25328048BB500557827 /* Coordinator.swift */ = {isa = PBXFileReference; lastKnownFileType = sourcecode.swift; path = Coordinator.swift; sourceTree = "<group>"; };
		356DC25528048C0500557827 /* AppCoordinator.swift */ = {isa = PBXFileReference; lastKnownFileType = sourcecode.swift; path = AppCoordinator.swift; sourceTree = "<group>"; };
		356DC25728048C3B00557827 /* AppContainer.swift */ = {isa = PBXFileReference; lastKnownFileType = sourcecode.swift; path = AppContainer.swift; sourceTree = "<group>"; };
		356DC25928048CC600557827 /* MainHomeCoordinator.swift */ = {isa = PBXFileReference; lastKnownFileType = sourcecode.swift; path = MainHomeCoordinator.swift; sourceTree = "<group>"; };
		356DC25B28048E9D00557827 /* MainCollectionViewModel.swift */ = {isa = PBXFileReference; lastKnownFileType = sourcecode.swift; path = MainCollectionViewModel.swift; sourceTree = "<group>"; };
		356DC25D28052DB200557827 /* Extension.swift */ = {isa = PBXFileReference; lastKnownFileType = sourcecode.swift; path = Extension.swift; sourceTree = "<group>"; };
		356DC26028052DFF00557827 /* MarketDataResponse.swift */ = {isa = PBXFileReference; lastKnownFileType = sourcecode.swift; path = MarketDataResponse.swift; sourceTree = "<group>"; };
		356DC26228052E1B00557827 /* FinancialMetricsResponse.swift */ = {isa = PBXFileReference; lastKnownFileType = sourcecode.swift; path = FinancialMetricsResponse.swift; sourceTree = "<group>"; };
		356DC26428052EA600557827 /* Quote.swift */ = {isa = PBXFileReference; lastKnownFileType = sourcecode.swift; path = Quote.swift; sourceTree = "<group>"; };
		356DC26628052EB800557827 /* SearchResponse.swift */ = {isa = PBXFileReference; lastKnownFileType = sourcecode.swift; path = SearchResponse.swift; sourceTree = "<group>"; };
		356DC26828052ED100557827 /* PostContent.swift */ = {isa = PBXFileReference; lastKnownFileType = sourcecode.swift; path = PostContent.swift; sourceTree = "<group>"; };
		356DC26A28052EE300557827 /* NewsStory.swift */ = {isa = PBXFileReference; lastKnownFileType = sourcecode.swift; path = NewsStory.swift; sourceTree = "<group>"; };
		356DC26C28052EF900557827 /* MyWatchListModel.swift */ = {isa = PBXFileReference; lastKnownFileType = sourcecode.swift; path = MyWatchListModel.swift; sourceTree = "<group>"; };
		356DC26E28052F3200557827 /* StockChartModel.swift */ = {isa = PBXFileReference; lastKnownFileType = sourcecode.swift; path = StockChartModel.swift; sourceTree = "<group>"; };
		356DC2732805391800557827 /* MenuBarView.swift */ = {isa = PBXFileReference; lastKnownFileType = sourcecode.swift; path = MenuBarView.swift; sourceTree = "<group>"; };
		356DC2762805399100557827 /* MyListCollectionViewCell.swift */ = {isa = PBXFileReference; lastKnownFileType = sourcecode.swift; path = MyListCollectionViewCell.swift; sourceTree = "<group>"; };
		356DC2782805399900557827 /* OpinionsCollectionViewCell.swift */ = {isa = PBXFileReference; lastKnownFileType = sourcecode.swift; path = OpinionsCollectionViewCell.swift; sourceTree = "<group>"; };
		35CC39942805C58A007148A5 /* PersistanceManager.swift */ = {isa = PBXFileReference; lastKnownFileType = sourcecode.swift; path = PersistanceManager.swift; sourceTree = "<group>"; };
		35CC39962805C5B2007148A5 /* APICaller.swift */ = {isa = PBXFileReference; lastKnownFileType = sourcecode.swift; path = APICaller.swift; sourceTree = "<group>"; };
/* End PBXFileReference section */

/* Begin PBXFrameworksBuildPhase section */
		356DC22C28045DEE00557827 /* Frameworks */ = {
			isa = PBXFrameworksBuildPhase;
			buildActionMask = 2147483647;
			files = (
				356DC272280535BB00557827 /* CombineCocoa in Frameworks */,
				35CC399B2805C9E6007148A5 /* Charts in Frameworks */,
			);
			runOnlyForDeploymentPostprocessing = 0;
		};
/* End PBXFrameworksBuildPhase section */

/* Begin PBXGroup section */
		356DC22628045DEE00557827 = {
			isa = PBXGroup;
			children = (
				356DC23128045DEE00557827 /* iFinance */,
				356DC23028045DEE00557827 /* Products */,
			);
			sourceTree = "<group>";
		};
		356DC23028045DEE00557827 /* Products */ = {
			isa = PBXGroup;
			children = (
				356DC22F28045DEE00557827 /* iFinance.app */,
			);
			name = Products;
			sourceTree = "<group>";
		};
		356DC23128045DEE00557827 /* iFinance */ = {
			isa = PBXGroup;
			children = (
				356DC247280462AF00557827 /* Application */,
				356DC25228048BA700557827 /* Coordinator */,
				35CC39932805C57B007148A5 /* Manager */,
				356DC25F28052DF500557827 /* Model */,
				356DC2462804617200557827 /* Core */,
				356DC23B28045DF000557827 /* Assets.xcassets */,
				356DC23D28045DF000557827 /* LaunchScreen.storyboard */,
				356DC24028045DF000557827 /* Info.plist */,
			);
			path = iFinance;
			sourceTree = "<group>";
		};
		356DC2462804617200557827 /* Core */ = {
			isa = PBXGroup;
			children = (
				356DC25028047FEF00557827 /* MainCollectionViewController.swift */,
				356DC25B28048E9D00557827 /* MainCollectionViewModel.swift */,
				356DC27A280539B400557827 /* View */,
			);
			path = Core;
			sourceTree = "<group>";
		};
		356DC247280462AF00557827 /* Application */ = {
			isa = PBXGroup;
			children = (
				356DC23228045DEE00557827 /* AppDelegate.swift */,
				356DC23428045DEE00557827 /* SceneDelegate.swift */,
				356DC25D28052DB200557827 /* Extension.swift */,
			);
			path = Application;
			sourceTree = "<group>";
		};
		356DC25228048BA700557827 /* Coordinator */ = {
			isa = PBXGroup;
			children = (
				356DC25328048BB500557827 /* Coordinator.swift */,
				356DC25528048C0500557827 /* AppCoordinator.swift */,
				356DC25928048CC600557827 /* MainHomeCoordinator.swift */,
				356DC25728048C3B00557827 /* AppContainer.swift */,
			);
			path = Coordinator;
			sourceTree = "<group>";
		};
		356DC25F28052DF500557827 /* Model */ = {
			isa = PBXGroup;
			children = (
				356DC26028052DFF00557827 /* MarketDataResponse.swift */,
				356DC26228052E1B00557827 /* FinancialMetricsResponse.swift */,
				356DC26428052EA600557827 /* Quote.swift */,
				356DC26628052EB800557827 /* SearchResponse.swift */,
				356DC26828052ED100557827 /* PostContent.swift */,
				356DC26A28052EE300557827 /* NewsStory.swift */,
				356DC26C28052EF900557827 /* MyWatchListModel.swift */,
				356DC26E28052F3200557827 /* StockChartModel.swift */,
			);
			path = Model;
			sourceTree = "<group>";
		};
		356DC2752805398900557827 /* MainCollectionViewCells */ = {
			isa = PBXGroup;
			children = (
				356DC2762805399100557827 /* MyListCollectionViewCell.swift */,
				356DC2782805399900557827 /* OpinionsCollectionViewCell.swift */,
			);
			path = MainCollectionViewCells;
			sourceTree = "<group>";
		};
		356DC27A280539B400557827 /* View */ = {
			isa = PBXGroup;
			children = (
				35CC39982805C738007148A5 /* MenuBarView */,
				35CC399128059F04007148A5 /* MyList */,
				35CC399228059F15007148A5 /* Opinons */,
				356DC2752805398900557827 /* MainCollectionViewCells */,
			);
			path = View;
			sourceTree = "<group>";
		};
		35CC399128059F04007148A5 /* MyList */ = {
			isa = PBXGroup;
			children = (
				356DC2482804639400557827 /* MyListView.swift */,
			);
			path = MyList;
			sourceTree = "<group>";
		};
		35CC399228059F15007148A5 /* Opinons */ = {
			isa = PBXGroup;
			children = (
				356DC24A2804639E00557827 /* OpinionsViewController.swift */,
			);
			path = Opinons;
			sourceTree = "<group>";
		};
		35CC39932805C57B007148A5 /* Manager */ = {
			isa = PBXGroup;
			children = (
				35CC39942805C58A007148A5 /* PersistanceManager.swift */,
				35CC39962805C5B2007148A5 /* APICaller.swift */,
			);
			path = Manager;
			sourceTree = "<group>";
		};
		35CC39982805C738007148A5 /* MenuBarView */ = {
			isa = PBXGroup;
			children = (
				356DC2732805391800557827 /* MenuBarView.swift */,
			);
			path = MenuBarView;
			sourceTree = "<group>";
		};
/* End PBXGroup section */

/* Begin PBXNativeTarget section */
		356DC22E28045DEE00557827 /* iFinance */ = {
			isa = PBXNativeTarget;
			buildConfigurationList = 356DC24328045DF000557827 /* Build configuration list for PBXNativeTarget "iFinance" */;
			buildPhases = (
				356DC22B28045DEE00557827 /* Sources */,
				356DC22C28045DEE00557827 /* Frameworks */,
				356DC22D28045DEE00557827 /* Resources */,
			);
			buildRules = (
			);
			dependencies = (
			);
			name = iFinance;
			packageProductDependencies = (
				356DC271280535BB00557827 /* CombineCocoa */,
				35CC399A2805C9E6007148A5 /* Charts */,
			);
			productName = iFinance;
			productReference = 356DC22F28045DEE00557827 /* iFinance.app */;
			productType = "com.apple.product-type.application";
		};
/* End PBXNativeTarget section */

/* Begin PBXProject section */
		356DC22728045DEE00557827 /* Project object */ = {
			isa = PBXProject;
			attributes = {
				BuildIndependentTargetsInParallel = 1;
				LastSwiftUpdateCheck = 1330;
				LastUpgradeCheck = 1330;
				TargetAttributes = {
					356DC22E28045DEE00557827 = {
						CreatedOnToolsVersion = 13.3;
					};
				};
			};
			buildConfigurationList = 356DC22A28045DEE00557827 /* Build configuration list for PBXProject "iFinance" */;
			compatibilityVersion = "Xcode 13.0";
			developmentRegion = en;
			hasScannedForEncodings = 0;
			knownRegions = (
				en,
				Base,
			);
			mainGroup = 356DC22628045DEE00557827;
			packageReferences = (
				356DC270280535BB00557827 /* XCRemoteSwiftPackageReference "CombineCocoa" */,
				35CC39992805C9E5007148A5 /* XCRemoteSwiftPackageReference "Charts" */,
			);
			productRefGroup = 356DC23028045DEE00557827 /* Products */;
			projectDirPath = "";
			projectRoot = "";
			targets = (
				356DC22E28045DEE00557827 /* iFinance */,
			);
		};
/* End PBXProject section */

/* Begin PBXResourcesBuildPhase section */
		356DC22D28045DEE00557827 /* Resources */ = {
			isa = PBXResourcesBuildPhase;
			buildActionMask = 2147483647;
			files = (
				356DC23F28045DF000557827 /* LaunchScreen.storyboard in Resources */,
				356DC23C28045DF000557827 /* Assets.xcassets in Resources */,
			);
			runOnlyForDeploymentPostprocessing = 0;
		};
/* End PBXResourcesBuildPhase section */

/* Begin PBXSourcesBuildPhase section */
		356DC22B28045DEE00557827 /* Sources */ = {
			isa = PBXSourcesBuildPhase;
			buildActionMask = 2147483647;
			files = (
				356DC2492804639400557827 /* MyListView.swift in Sources */,
				356DC26128052DFF00557827 /* MarketDataResponse.swift in Sources */,
				356DC2792805399900557827 /* OpinionsCollectionViewCell.swift in Sources */,
				356DC24B2804639E00557827 /* OpinionsViewController.swift in Sources */,
				356DC26F28052F3200557827 /* StockChartModel.swift in Sources */,
				356DC26D28052EF900557827 /* MyWatchListModel.swift in Sources */,
				356DC23328045DEE00557827 /* AppDelegate.swift in Sources */,
				35CC39972805C5B2007148A5 /* APICaller.swift in Sources */,
				356DC25C28048E9D00557827 /* MainCollectionViewModel.swift in Sources */,
				356DC25428048BB500557827 /* Coordinator.swift in Sources */,
				356DC23528045DEE00557827 /* SceneDelegate.swift in Sources */,
				35CC39952805C58A007148A5 /* PersistanceManager.swift in Sources */,
				356DC2742805391800557827 /* MenuBarView.swift in Sources */,
				356DC26B28052EE300557827 /* NewsStory.swift in Sources */,
				356DC25A28048CC600557827 /* MainHomeCoordinator.swift in Sources */,
				356DC25828048C3B00557827 /* AppContainer.swift in Sources */,
				356DC2772805399100557827 /* MyListCollectionViewCell.swift in Sources */,
				356DC25628048C0500557827 /* AppCoordinator.swift in Sources */,
				356DC25E28052DB200557827 /* Extension.swift in Sources */,
				356DC26728052EB800557827 /* SearchResponse.swift in Sources */,
				356DC26328052E1B00557827 /* FinancialMetricsResponse.swift in Sources */,
				356DC26928052ED100557827 /* PostContent.swift in Sources */,
				356DC26528052EA700557827 /* Quote.swift in Sources */,
				356DC25128047FEF00557827 /* MainCollectionViewController.swift in Sources */,
			);
			runOnlyForDeploymentPostprocessing = 0;
		};
/* End PBXSourcesBuildPhase section */

/* Begin PBXVariantGroup section */
		356DC23D28045DF000557827 /* LaunchScreen.storyboard */ = {
			isa = PBXVariantGroup;
			children = (
				356DC23E28045DF000557827 /* Base */,
			);
			name = LaunchScreen.storyboard;
			sourceTree = "<group>";
		};
/* End PBXVariantGroup section */

/* Begin XCBuildConfiguration section */
		356DC24128045DF000557827 /* Debug */ = {
			isa = XCBuildConfiguration;
			buildSettings = {
				ALWAYS_SEARCH_USER_PATHS = NO;
				CLANG_ANALYZER_NONNULL = YES;
				CLANG_ANALYZER_NUMBER_OBJECT_CONVERSION = YES_AGGRESSIVE;
				CLANG_CXX_LANGUAGE_STANDARD = "gnu++17";
				CLANG_ENABLE_MODULES = YES;
				CLANG_ENABLE_OBJC_ARC = YES;
				CLANG_ENABLE_OBJC_WEAK = YES;
				CLANG_WARN_BLOCK_CAPTURE_AUTORELEASING = YES;
				CLANG_WARN_BOOL_CONVERSION = YES;
				CLANG_WARN_COMMA = YES;
				CLANG_WARN_CONSTANT_CONVERSION = YES;
				CLANG_WARN_DEPRECATED_OBJC_IMPLEMENTATIONS = YES;
				CLANG_WARN_DIRECT_OBJC_ISA_USAGE = YES_ERROR;
				CLANG_WARN_DOCUMENTATION_COMMENTS = YES;
				CLANG_WARN_EMPTY_BODY = YES;
				CLANG_WARN_ENUM_CONVERSION = YES;
				CLANG_WARN_INFINITE_RECURSION = YES;
				CLANG_WARN_INT_CONVERSION = YES;
				CLANG_WARN_NON_LITERAL_NULL_CONVERSION = YES;
				CLANG_WARN_OBJC_IMPLICIT_RETAIN_SELF = YES;
				CLANG_WARN_OBJC_LITERAL_CONVERSION = YES;
				CLANG_WARN_OBJC_ROOT_CLASS = YES_ERROR;
				CLANG_WARN_QUOTED_INCLUDE_IN_FRAMEWORK_HEADER = YES;
				CLANG_WARN_RANGE_LOOP_ANALYSIS = YES;
				CLANG_WARN_STRICT_PROTOTYPES = YES;
				CLANG_WARN_SUSPICIOUS_MOVE = YES;
				CLANG_WARN_UNGUARDED_AVAILABILITY = YES_AGGRESSIVE;
				CLANG_WARN_UNREACHABLE_CODE = YES;
				CLANG_WARN__DUPLICATE_METHOD_MATCH = YES;
				COPY_PHASE_STRIP = NO;
				DEBUG_INFORMATION_FORMAT = dwarf;
				ENABLE_STRICT_OBJC_MSGSEND = YES;
				ENABLE_TESTABILITY = YES;
				GCC_C_LANGUAGE_STANDARD = gnu11;
				GCC_DYNAMIC_NO_PIC = NO;
				GCC_NO_COMMON_BLOCKS = YES;
				GCC_OPTIMIZATION_LEVEL = 0;
				GCC_PREPROCESSOR_DEFINITIONS = (
					"DEBUG=1",
					"$(inherited)",
				);
				GCC_WARN_64_TO_32_BIT_CONVERSION = YES;
				GCC_WARN_ABOUT_RETURN_TYPE = YES_ERROR;
				GCC_WARN_UNDECLARED_SELECTOR = YES;
				GCC_WARN_UNINITIALIZED_AUTOS = YES_AGGRESSIVE;
				GCC_WARN_UNUSED_FUNCTION = YES;
				GCC_WARN_UNUSED_VARIABLE = YES;
				IPHONEOS_DEPLOYMENT_TARGET = 15.0;
				MTL_ENABLE_DEBUG_INFO = INCLUDE_SOURCE;
				MTL_FAST_MATH = YES;
				ONLY_ACTIVE_ARCH = YES;
				SDKROOT = iphoneos;
				SWIFT_ACTIVE_COMPILATION_CONDITIONS = DEBUG;
				SWIFT_OPTIMIZATION_LEVEL = "-Onone";
			};
			name = Debug;
		};
		356DC24228045DF000557827 /* Release */ = {
			isa = XCBuildConfiguration;
			buildSettings = {
				ALWAYS_SEARCH_USER_PATHS = NO;
				CLANG_ANALYZER_NONNULL = YES;
				CLANG_ANALYZER_NUMBER_OBJECT_CONVERSION = YES_AGGRESSIVE;
				CLANG_CXX_LANGUAGE_STANDARD = "gnu++17";
				CLANG_ENABLE_MODULES = YES;
				CLANG_ENABLE_OBJC_ARC = YES;
				CLANG_ENABLE_OBJC_WEAK = YES;
				CLANG_WARN_BLOCK_CAPTURE_AUTORELEASING = YES;
				CLANG_WARN_BOOL_CONVERSION = YES;
				CLANG_WARN_COMMA = YES;
				CLANG_WARN_CONSTANT_CONVERSION = YES;
				CLANG_WARN_DEPRECATED_OBJC_IMPLEMENTATIONS = YES;
				CLANG_WARN_DIRECT_OBJC_ISA_USAGE = YES_ERROR;
				CLANG_WARN_DOCUMENTATION_COMMENTS = YES;
				CLANG_WARN_EMPTY_BODY = YES;
				CLANG_WARN_ENUM_CONVERSION = YES;
				CLANG_WARN_INFINITE_RECURSION = YES;
				CLANG_WARN_INT_CONVERSION = YES;
				CLANG_WARN_NON_LITERAL_NULL_CONVERSION = YES;
				CLANG_WARN_OBJC_IMPLICIT_RETAIN_SELF = YES;
				CLANG_WARN_OBJC_LITERAL_CONVERSION = YES;
				CLANG_WARN_OBJC_ROOT_CLASS = YES_ERROR;
				CLANG_WARN_QUOTED_INCLUDE_IN_FRAMEWORK_HEADER = YES;
				CLANG_WARN_RANGE_LOOP_ANALYSIS = YES;
				CLANG_WARN_STRICT_PROTOTYPES = YES;
				CLANG_WARN_SUSPICIOUS_MOVE = YES;
				CLANG_WARN_UNGUARDED_AVAILABILITY = YES_AGGRESSIVE;
				CLANG_WARN_UNREACHABLE_CODE = YES;
				CLANG_WARN__DUPLICATE_METHOD_MATCH = YES;
				COPY_PHASE_STRIP = NO;
				DEBUG_INFORMATION_FORMAT = "dwarf-with-dsym";
				ENABLE_NS_ASSERTIONS = NO;
				ENABLE_STRICT_OBJC_MSGSEND = YES;
				GCC_C_LANGUAGE_STANDARD = gnu11;
				GCC_NO_COMMON_BLOCKS = YES;
				GCC_WARN_64_TO_32_BIT_CONVERSION = YES;
				GCC_WARN_ABOUT_RETURN_TYPE = YES_ERROR;
				GCC_WARN_UNDECLARED_SELECTOR = YES;
				GCC_WARN_UNINITIALIZED_AUTOS = YES_AGGRESSIVE;
				GCC_WARN_UNUSED_FUNCTION = YES;
				GCC_WARN_UNUSED_VARIABLE = YES;
				IPHONEOS_DEPLOYMENT_TARGET = 15.0;
				MTL_ENABLE_DEBUG_INFO = NO;
				MTL_FAST_MATH = YES;
				SDKROOT = iphoneos;
				SWIFT_COMPILATION_MODE = wholemodule;
				SWIFT_OPTIMIZATION_LEVEL = "-O";
				VALIDATE_PRODUCT = YES;
			};
			name = Release;
		};
		356DC24428045DF000557827 /* Debug */ = {
			isa = XCBuildConfiguration;
			buildSettings = {
				ASSETCATALOG_COMPILER_APPICON_NAME = AppIcon;
				ASSETCATALOG_COMPILER_GLOBAL_ACCENT_COLOR_NAME = AccentColor;
				CODE_SIGN_STYLE = Automatic;
				CURRENT_PROJECT_VERSION = 1;
				DEVELOPMENT_TEAM = PHT5ZHW738;
				GENERATE_INFOPLIST_FILE = YES;
				INFOPLIST_FILE = iFinance/Info.plist;
				INFOPLIST_KEY_UIApplicationSupportsIndirectInputEvents = YES;
				INFOPLIST_KEY_UILaunchStoryboardName = LaunchScreen;
				INFOPLIST_KEY_UISupportedInterfaceOrientations_iPad = "UIInterfaceOrientationPortrait UIInterfaceOrientationPortraitUpsideDown UIInterfaceOrientationLandscapeLeft UIInterfaceOrientationLandscapeRight";
				INFOPLIST_KEY_UISupportedInterfaceOrientations_iPhone = "UIInterfaceOrientationPortrait UIInterfaceOrientationLandscapeLeft UIInterfaceOrientationLandscapeRight";
				LD_RUNPATH_SEARCH_PATHS = (
					"$(inherited)",
					"@executable_path/Frameworks",
				);
				MARKETING_VERSION = 1.0;
				PRODUCT_BUNDLE_IDENTIFIER = yokim.iFinance;
				PRODUCT_NAME = "$(TARGET_NAME)";
				SWIFT_EMIT_LOC_STRINGS = YES;
				SWIFT_VERSION = 5.0;
				TARGETED_DEVICE_FAMILY = "1,2";
			};
			name = Debug;
		};
		356DC24528045DF000557827 /* Release */ = {
			isa = XCBuildConfiguration;
			buildSettings = {
				ASSETCATALOG_COMPILER_APPICON_NAME = AppIcon;
				ASSETCATALOG_COMPILER_GLOBAL_ACCENT_COLOR_NAME = AccentColor;
				CODE_SIGN_STYLE = Automatic;
				CURRENT_PROJECT_VERSION = 1;
				DEVELOPMENT_TEAM = PHT5ZHW738;
				GENERATE_INFOPLIST_FILE = YES;
				INFOPLIST_FILE = iFinance/Info.plist;
				INFOPLIST_KEY_UIApplicationSupportsIndirectInputEvents = YES;
				INFOPLIST_KEY_UILaunchStoryboardName = LaunchScreen;
				INFOPLIST_KEY_UISupportedInterfaceOrientations_iPad = "UIInterfaceOrientationPortrait UIInterfaceOrientationPortraitUpsideDown UIInterfaceOrientationLandscapeLeft UIInterfaceOrientationLandscapeRight";
				INFOPLIST_KEY_UISupportedInterfaceOrientations_iPhone = "UIInterfaceOrientationPortrait UIInterfaceOrientationLandscapeLeft UIInterfaceOrientationLandscapeRight";
				LD_RUNPATH_SEARCH_PATHS = (
					"$(inherited)",
					"@executable_path/Frameworks",
				);
				MARKETING_VERSION = 1.0;
				PRODUCT_BUNDLE_IDENTIFIER = yokim.iFinance;
				PRODUCT_NAME = "$(TARGET_NAME)";
				SWIFT_EMIT_LOC_STRINGS = YES;
				SWIFT_VERSION = 5.0;
				TARGETED_DEVICE_FAMILY = "1,2";
			};
			name = Release;
		};
/* End XCBuildConfiguration section */

/* Begin XCConfigurationList section */
		356DC22A28045DEE00557827 /* Build configuration list for PBXProject "iFinance" */ = {
			isa = XCConfigurationList;
			buildConfigurations = (
				356DC24128045DF000557827 /* Debug */,
				356DC24228045DF000557827 /* Release */,
			);
			defaultConfigurationIsVisible = 0;
			defaultConfigurationName = Release;
		};
		356DC24328045DF000557827 /* Build configuration list for PBXNativeTarget "iFinance" */ = {
			isa = XCConfigurationList;
			buildConfigurations = (
				356DC24428045DF000557827 /* Debug */,
				356DC24528045DF000557827 /* Release */,
			);
			defaultConfigurationIsVisible = 0;
			defaultConfigurationName = Release;
		};
/* End XCConfigurationList section */

/* Begin XCRemoteSwiftPackageReference section */
		356DC270280535BB00557827 /* XCRemoteSwiftPackageReference "CombineCocoa" */ = {
			isa = XCRemoteSwiftPackageReference;
			repositoryURL = "https://github.com/CombineCommunity/CombineCocoa.git";
			requirement = {
				kind = upToNextMajorVersion;
				minimumVersion = 0.4.0;
			};
		};
		35CC39992805C9E5007148A5 /* XCRemoteSwiftPackageReference "Charts" */ = {
			isa = XCRemoteSwiftPackageReference;
			repositoryURL = "https://github.com/danielgindi/Charts.git";
			requirement = {
				kind = upToNextMajorVersion;
				minimumVersion = 3.0.0;
			};
		};
/* End XCRemoteSwiftPackageReference section */

/* Begin XCSwiftPackageProductDependency section */
		356DC271280535BB00557827 /* CombineCocoa */ = {
			isa = XCSwiftPackageProductDependency;
			package = 356DC270280535BB00557827 /* XCRemoteSwiftPackageReference "CombineCocoa" */;
			productName = CombineCocoa;
		};
		35CC399A2805C9E6007148A5 /* Charts */ = {
			isa = XCSwiftPackageProductDependency;
			package = 35CC39992805C9E5007148A5 /* XCRemoteSwiftPackageReference "Charts" */;
			productName = Charts;
		};
/* End XCSwiftPackageProductDependency section */
	};
	rootObject = 356DC22728045DEE00557827 /* Project object */;
}
